<?xml version="1.0" encoding="utf-8"?>
<Project ToolsVersion="4.0" xmlns="http://schemas.microsoft.com/developer/msbuild/2003">
  <ItemGroup>
    <Filter Include="BlueberryEngine">
      <UniqueIdentifier>{273BBA0C-93C6-27D1-9CD7-AAC508E283D1}</UniqueIdentifier>
    </Filter>
    <Filter Include="BlueberryEngine\Events">
      <UniqueIdentifier>{2BF5062D-17EF-2F7F-005C-C68FECF495EB}</UniqueIdentifier>
    </Filter>
    <Filter Include="BlueberryEngine\ImGui">
      <UniqueIdentifier>{91316209-FD9D-1D04-C691-B56132BD3F6C}</UniqueIdentifier>
    </Filter>
    <Filter Include="BlueberryEngine\Logic">
      <UniqueIdentifier>{641A9A09-D086-5504-997A-ED6105A6776C}</UniqueIdentifier>
    </Filter>
    <Filter Include="BlueberryEngine\Logic\BehaviourLogic">
      <UniqueIdentifier>{46557B2B-323C-3D23-DB8C-A340C752B689}</UniqueIdentifier>
    </Filter>
    <Filter Include="BlueberryEngine\Logic\Modules">
      <UniqueIdentifier>{2CCB4AB9-98E3-31E3-6190-C17CCD67C67C}</UniqueIdentifier>
    </Filter>
    <Filter Include="Platform">
      <UniqueIdentifier>{2AC788B4-1694-E3BF-3FAD-D1672BD9184E}</UniqueIdentifier>
    </Filter>
    <Filter Include="Platform\OpenGL">
      <UniqueIdentifier>{1E7D2C1D-8A08-9AE1-9319-1DD6FF23F6E1}</UniqueIdentifier>
    </Filter>
    <Filter Include="Platform\Windows">
      <UniqueIdentifier>{64FBD71A-50F4-F66C-7926-DCF1657ED678}</UniqueIdentifier>
    </Filter>
  </ItemGroup>
  <ItemGroup>
    <ClInclude Include="src\BlueberryEngine.h" />
    <ClInclude Include="src\BlueberryEngine\Application.h">
      <Filter>BlueberryEngine</Filter>
    </ClInclude>
    <ClInclude Include="src\BlueberryEngine\Core.h">
      <Filter>BlueberryEngine</Filter>
    </ClInclude>
    <ClInclude Include="src\BlueberryEngine\EntryPoint.h">
      <Filter>BlueberryEngine</Filter>
    </ClInclude>
    <ClInclude Include="src\BlueberryEngine\Events\ApplicationEvent.h">
      <Filter>BlueberryEngine\Events</Filter>
    </ClInclude>
    <ClInclude Include="src\BlueberryEngine\Events\Event.h">
      <Filter>BlueberryEngine\Events</Filter>
    </ClInclude>
    <ClInclude Include="src\BlueberryEngine\Events\KeyEvent.h">
      <Filter>BlueberryEngine\Events</Filter>
    </ClInclude>
    <ClInclude Include="src\BlueberryEngine\Events\MouseEvent.h">
      <Filter>BlueberryEngine\Events</Filter>
    </ClInclude>
    <ClInclude Include="src\BlueberryEngine\ImGui\ImGuiLayer.h">
      <Filter>BlueberryEngine\ImGui</Filter>
    </ClInclude>
    <ClInclude Include="src\BlueberryEngine\Layer.h">
      <Filter>BlueberryEngine</Filter>
    </ClInclude>
    <ClInclude Include="src\BlueberryEngine\LayerStack.h">
      <Filter>BlueberryEngine</Filter>
    </ClInclude>
    <ClInclude Include="src\BlueberryEngine\Log.h">
      <Filter>BlueberryEngine</Filter>
    </ClInclude>
    <ClInclude Include="src\BlueberryEngine\Logic\BehaviourLogic\BEbehaviour.h">
      <Filter>BlueberryEngine\Logic\BehaviourLogic</Filter>
    </ClInclude>
    <ClInclude Include="src\BlueberryEngine\Logic\Entity.h">
      <Filter>BlueberryEngine\Logic</Filter>
    </ClInclude>
    <ClInclude Include="src\BlueberryEngine\Logic\Modules\Module.h">
      <Filter>BlueberryEngine\Logic\Modules</Filter>
    </ClInclude>
    <ClInclude Include="src\BlueberryEngine\Logic\Modules\Trans2D.h">
      <Filter>BlueberryEngine\Logic\Modules</Filter>
    </ClInclude>
    <ClInclude Include="src\BlueberryEngine\Window.h">
      <Filter>BlueberryEngine</Filter>
    </ClInclude>
    <ClInclude Include="src\Platform\OpenGL\ImGuiOpenGLRenderer.h">
      <Filter>Platform\OpenGL</Filter>
    </ClInclude>
    <ClInclude Include="src\Platform\Windows\WindowsWindow.h">
      <Filter>Platform\Windows</Filter>
    </ClInclude>
    <ClInclude Include="src\bepch.h" />
    <ClInclude Include="src\BlueberryEngine\Input.h" />
    <ClInclude Include="src\Platform\Windows\WindowsInput.h" />
    <ClInclude Include="src\BlueberryEngine\KeyCodes.h" />
    <ClInclude Include="src\BlueberryEngine\MouseButtonCodes.h" />
  </ItemGroup>
  <ItemGroup>
    <ClCompile Include="src\BlueberryEngine\Application.cpp">
      <Filter>BlueberryEngine</Filter>
    </ClCompile>
    <ClCompile Include="src\BlueberryEngine\ImGui\ImGuiLayer.cpp">
      <Filter>BlueberryEngine\ImGui</Filter>
    </ClCompile>
    <ClCompile Include="src\BlueberryEngine\Layer.cpp">
      <Filter>BlueberryEngine</Filter>
    </ClCompile>
    <ClCompile Include="src\BlueberryEngine\LayerStack.cpp">
      <Filter>BlueberryEngine</Filter>
    </ClCompile>
    <ClCompile Include="src\BlueberryEngine\Log.cpp">
      <Filter>BlueberryEngine</Filter>
    </ClCompile>
    <ClCompile Include="src\BlueberryEngine\Logic\BehaviourLogic\BEbehaviour.cpp">
      <Filter>BlueberryEngine\Logic\BehaviourLogic</Filter>
    </ClCompile>
    <ClCompile Include="src\BlueberryEngine\Logic\Entity.cpp">
      <Filter>BlueberryEngine\Logic</Filter>
    </ClCompile>
    <ClCompile Include="src\BlueberryEngine\Logic\Modules\Module.cpp">
      <Filter>BlueberryEngine\Logic\Modules</Filter>
    </ClCompile>
    <ClCompile Include="src\BlueberryEngine\Logic\Modules\Trans2D.cpp">
      <Filter>BlueberryEngine\Logic\Modules</Filter>
    </ClCompile>
    <ClCompile Include="src\Platform\OpenGL\ImGuiOpenGLRenderer.cpp">
      <Filter>Platform\OpenGL</Filter>
    </ClCompile>
    <ClCompile Include="src\Platform\Windows\WindowsWindow.cpp">
      <Filter>Platform\Windows</Filter>
    </ClCompile>
    <ClCompile Include="src\bepch.cpp" />
    <ClCompile Include="src\Platform\Windows\WindowsInput.cpp" />
  </ItemGroup>
</Project>